{
  "version": "4",
  "specifiers": {
    "jsr:@onjara/optic@*": "2.0.0",
    "jsr:@std/assert@^1.0.6": "1.0.6",
    "jsr:@std/fmt@^1.0.2": "1.0.3",
    "jsr:@std/internal@^1.0.4": "1.0.4",
    "jsr:@std/path@^1.0.6": "1.0.8"
  },
  "jsr": {
    "@onjara/optic@2.0.0": {
      "integrity": "927cc6a3c543cc3f3da1d1498ead9583e1650a1e331aa5239407e7f3bfe2dcb5",
      "dependencies": [
        "jsr:@std/fmt"
      ]
    },
    "@std/assert@1.0.6": {
      "integrity": "1904c05806a25d94fe791d6d883b685c9e2dcd60e4f9fc30f4fc5cf010c72207",
      "dependencies": [
        "jsr:@std/internal"
      ]
    },
    "@std/fmt@1.0.3": {
      "integrity": "97765c16aa32245ff4e2204ecf7d8562496a3cb8592340a80e7e554e0bb9149f"
    },
    "@std/internal@1.0.4": {
      "integrity": "62e8e4911527e5e4f307741a795c0b0a9e6958d0b3790716ae71ce085f755422"
    },
    "@std/path@1.0.8": {
      "integrity": "548fa456bb6a04d3c1a1e7477986b6cffbce95102d0bb447c67c4ee70e0364be"
    }
  }
}
